Microsoft Visual Studio Solution File, Format Version 12.00
# Visual Studio Version 17
VisualStudioVersion = 17.5.2.0
MinimumVisualStudioVersion = 10.0.40219.1
Project("{FAE04EC0-301F-11D3-BF4B-00C04F79EFBC}") = "lab-7-maze-elorasmith", "lab-7-maze-elorasmith.csproj", "{1C55A3B1-3CF9-778F-6B20-B61C34EEB580}"
EndProject
Global
	GlobalSection(SolutionConfigurationPlatforms) = preSolution
		Debug|Any CPU = Debug|Any CPU
		Release|Any CPU = Release|Any CPU
	EndGlobalSection
	GlobalSection(ProjectConfigurationPlatforms) = postSolution
		{1C55A3B1-3CF9-778F-6B20-B61C34EEB580}.Debug|Any CPU.ActiveCfg = Debug|Any CPU
		{1C55A3B1-3CF9-778F-6B20-B61C34EEB580}.Debug|Any CPU.Build.0 = Debug|Any CPU
		{1C55A3B1-3CF9-778F-6B20-B61C34EEB580}.Release|Any CPU.ActiveCfg = Release|Any CPU
		{1C55A3B1-3CF9-778F-6B20-B61C34EEB580}.Release|Any CPU.Build.0 = Release|Any CPU
	EndGlobalSection
	GlobalSection(SolutionProperties) = preSolution
		HideSolutionNode = FALSE
	EndGlobalSection
	GlobalSection(ExtensibilityGlobals) = postSolution
		SolutionGuid = {C7C2D6DA-4FC6-4DD4-A89F-01207D7963E6}
	EndGlobalSection
EndGlobal
